
Microsoft Visual Studio Solution File, Format Version 12.00
# Visual Studio Version 16
VisualStudioVersion = 16.0.31624.102
MinimumVisualStudioVersion = 10.0.40219.1
Project("{FAE04EC0-301F-11D3-BF4B-00C04F79EFBC}") = "BaltaApi", "BaltaApi\BaltaApi.csproj", "{E7E7B5A9-3CAC-4CE7-9D77-43429A9392A7}"
EndProject
Global
	GlobalSection(SolutionConfigurationPlatforms) = preSolution
		Debug|Any CPU = Debug|Any CPU
		Release|Any CPU = Release|Any CPU
	EndGlobalSection
	GlobalSection(ProjectConfigurationPlatforms) = postSolution
		{E7E7B5A9-3CAC-4CE7-9D77-43429A9392A7}.Debug|Any CPU.ActiveCfg = Debug|Any CPU
		{E7E7B5A9-3CAC-4CE7-9D77-43429A9392A7}.Debug|Any CPU.Build.0 = Debug|Any CPU
		{E7E7B5A9-3CAC-4CE7-9D77-43429A9392A7}.Release|Any CPU.ActiveCfg = Release|Any CPU
		{E7E7B5A9-3CAC-4CE7-9D77-43429A9392A7}.Release|Any CPU.Build.0 = Release|Any CPU
	EndGlobalSection
	GlobalSection(SolutionProperties) = preSolution
		HideSolutionNode = FALSE
	EndGlobalSection
	GlobalSection(ExtensibilityGlobals) = postSolution
		SolutionGuid = {E40F0B4B-95D9-48DC-9060-D2BA29F59818}
	EndGlobalSection
EndGlobal
